symfony 628c131d706e27e125cd7a3a7168ca695617c794
twig 628c131d706e27e125cd7a3a7168ca695617c794
monolog 628c131d706e27e125cd7a3a7168ca695617c794
doctrine-common 628c131d706e27e125cd7a3a7168ca695617c794
doctrine-dbal 628c131d706e27e125cd7a3a7168ca695617c794
doctrine 628c131d706e27e125cd7a3a7168ca695617c794
swiftmailer 628c131d706e27e125cd7a3a7168ca695617c794
assetic 628c131d706e27e125cd7a3a7168ca695617c794
twig-extensions 628c131d706e27e125cd7a3a7168ca695617c794
metadata 628c131d706e27e125cd7a3a7168ca695617c794
SensioFrameworkExtraBundle 628c131d706e27e125cd7a3a7168ca695617c794
JMSSecurityExtraBundle 628c131d706e27e125cd7a3a7168ca695617c794
WebConfiguratorBundle 628c131d706e27e125cd7a3a7168ca695617c794
AsseticBundle 628c131d706e27e125cd7a3a7168ca695617c794
doctrine-migrations 628c131d706e27e125cd7a3a7168ca695617c794
DoctrineMigrationsBundle d2680e4161e71cbea140b766d82ee56492055b4f