symfony feeb0e0c5ea60aad7ccd0f16e3b547a604d9f47a
twig feeb0e0c5ea60aad7ccd0f16e3b547a604d9f47a
monolog feeb0e0c5ea60aad7ccd0f16e3b547a604d9f47a
doctrine-common feeb0e0c5ea60aad7ccd0f16e3b547a604d9f47a
doctrine-dbal feeb0e0c5ea60aad7ccd0f16e3b547a604d9f47a
doctrine feeb0e0c5ea60aad7ccd0f16e3b547a604d9f47a
swiftmailer feeb0e0c5ea60aad7ccd0f16e3b547a604d9f47a
assetic feeb0e0c5ea60aad7ccd0f16e3b547a604d9f47a
twig-extensions feeb0e0c5ea60aad7ccd0f16e3b547a604d9f47a
metadata feeb0e0c5ea60aad7ccd0f16e3b547a604d9f47a
SensioFrameworkExtraBundle feeb0e0c5ea60aad7ccd0f16e3b547a604d9f47a
JMSSecurityExtraBundle feeb0e0c5ea60aad7ccd0f16e3b547a604d9f47a
WebConfiguratorBundle feeb0e0c5ea60aad7ccd0f16e3b547a604d9f47a
AsseticBundle feeb0e0c5ea60aad7ccd0f16e3b547a604d9f47a
doctrine-migrations 80ac6ddbf4d8cc72214eaedf4cde0aa26ba565a6
DoctrineMigrationsBundle d2680e4161e71cbea140b766d82ee56492055b4f
doctrine-fixtures d6b447044b02102d127bbf7e825341577647d34b
DoctrineFixturesBundle 5a055fbd53e3f32d33c3858f9b3243389ee8bdaf